// !$*UTF8*$!
{
	archiveVersion = 1;
	classes = {
	};
	objectVersion = 55;
	objects = {

/* Begin PBXBuildFile section */
		C18F91CA27EA1FFF00E04126 /* NanumSquareRoundB.ttf in Resources */ = {isa = PBXBuildFile; fileRef = C18F91C627EA1FFF00E04126 /* NanumSquareRoundB.ttf */; };
		C18F91CB27EA1FFF00E04126 /* NanumSquareRoundOTFB.otf in Resources */ = {isa = PBXBuildFile; fileRef = C18F91C727EA1FFF00E04126 /* NanumSquareRoundOTFB.otf */; };
		C18F91CC27EA1FFF00E04126 /* NanumSquareRoundEB.ttf in Resources */ = {isa = PBXBuildFile; fileRef = C18F91C827EA1FFF00E04126 /* NanumSquareRoundEB.ttf */; };
		C18F91CD27EA1FFF00E04126 /* NanumSquareRoundOTFEB.otf in Resources */ = {isa = PBXBuildFile; fileRef = C18F91C927EA1FFF00E04126 /* NanumSquareRoundOTFEB.otf */; };
		C18F91D027EB477F00E04126 /* TeamMainViewController.swift in Sources */ = {isa = PBXBuildFile; fileRef = C18F91CE27EB477F00E04126 /* TeamMainViewController.swift */; };
		C18F91D327EB5C5300E04126 /* NoticeViewController.swift in Sources */ = {isa = PBXBuildFile; fileRef = C18F91D227EB5C5300E04126 /* NoticeViewController.swift */; };
		C18F91D527F1E5BC00E04126 /* MainTabBarController.swift in Sources */ = {isa = PBXBuildFile; fileRef = C18F91D427F1E5BC00E04126 /* MainTabBarController.swift */; };
		C19693FC27E8578700BB008A /* AppDelegate.swift in Sources */ = {isa = PBXBuildFile; fileRef = C19693FB27E8578700BB008A /* AppDelegate.swift */; };
		C19693FE27E8578700BB008A /* SceneDelegate.swift in Sources */ = {isa = PBXBuildFile; fileRef = C19693FD27E8578700BB008A /* SceneDelegate.swift */; };
		C196940027E8578700BB008A /* ViewController.swift in Sources */ = {isa = PBXBuildFile; fileRef = C19693FF27E8578700BB008A /* ViewController.swift */; };
		C196940327E8578700BB008A /* Main.storyboard in Resources */ = {isa = PBXBuildFile; fileRef = C196940127E8578700BB008A /* Main.storyboard */; };
		C196940527E8578900BB008A /* Assets.xcassets in Resources */ = {isa = PBXBuildFile; fileRef = C196940427E8578900BB008A /* Assets.xcassets */; };
		C196940827E8578900BB008A /* LaunchScreen.storyboard in Resources */ = {isa = PBXBuildFile; fileRef = C196940627E8578900BB008A /* LaunchScreen.storyboard */; };
		C196941127E859F700BB008A /* TeamTableViewCell.swift in Sources */ = {isa = PBXBuildFile; fileRef = C196940F27E859F700BB008A /* TeamTableViewCell.swift */; };
		C196941227E859F700BB008A /* TeamTableViewCell.xib in Resources */ = {isa = PBXBuildFile; fileRef = C196941027E859F700BB008A /* TeamTableViewCell.xib */; };
		C196941427E864B600BB008A /* TeamModel.swift in Sources */ = {isa = PBXBuildFile; fileRef = C196941327E864B600BB008A /* TeamModel.swift */; };
/* End PBXBuildFile section */

/* Begin PBXFileReference section */
		C18F91C627EA1FFF00E04126 /* NanumSquareRoundB.ttf */ = {isa = PBXFileReference; lastKnownFileType = file; path = NanumSquareRoundB.ttf; sourceTree = "<group>"; };
		C18F91C727EA1FFF00E04126 /* NanumSquareRoundOTFB.otf */ = {isa = PBXFileReference; lastKnownFileType = file; path = NanumSquareRoundOTFB.otf; sourceTree = "<group>"; };
		C18F91C827EA1FFF00E04126 /* NanumSquareRoundEB.ttf */ = {isa = PBXFileReference; lastKnownFileType = file; path = NanumSquareRoundEB.ttf; sourceTree = "<group>"; };
		C18F91C927EA1FFF00E04126 /* NanumSquareRoundOTFEB.otf */ = {isa = PBXFileReference; lastKnownFileType = file; path = NanumSquareRoundOTFEB.otf; sourceTree = "<group>"; };
		C18F91CE27EB477F00E04126 /* TeamMainViewController.swift */ = {isa = PBXFileReference; lastKnownFileType = sourcecode.swift; path = TeamMainViewController.swift; sourceTree = "<group>"; };
		C18F91D227EB5C5300E04126 /* NoticeViewController.swift */ = {isa = PBXFileReference; lastKnownFileType = sourcecode.swift; path = NoticeViewController.swift; sourceTree = "<group>"; };
		C18F91D427F1E5BC00E04126 /* MainTabBarController.swift */ = {isa = PBXFileReference; lastKnownFileType = sourcecode.swift; path = MainTabBarController.swift; sourceTree = "<group>"; };
		C19693F827E8578700BB008A /* OurTeam.app */ = {isa = PBXFileReference; explicitFileType = wrapper.application; includeInIndex = 0; path = OurTeam.app; sourceTree = BUILT_PRODUCTS_DIR; };
		C19693FB27E8578700BB008A /* AppDelegate.swift */ = {isa = PBXFileReference; lastKnownFileType = sourcecode.swift; path = AppDelegate.swift; sourceTree = "<group>"; };
		C19693FD27E8578700BB008A /* SceneDelegate.swift */ = {isa = PBXFileReference; lastKnownFileType = sourcecode.swift; path = SceneDelegate.swift; sourceTree = "<group>"; };
		C19693FF27E8578700BB008A /* ViewController.swift */ = {isa = PBXFileReference; lastKnownFileType = sourcecode.swift; path = ViewController.swift; sourceTree = "<group>"; };
		C196940227E8578700BB008A /* Base */ = {isa = PBXFileReference; lastKnownFileType = file.storyboard; name = Base; path = Base.lproj/Main.storyboard; sourceTree = "<group>"; };
		C196940427E8578900BB008A /* Assets.xcassets */ = {isa = PBXFileReference; lastKnownFileType = folder.assetcatalog; path = Assets.xcassets; sourceTree = "<group>"; };
		C196940727E8578900BB008A /* Base */ = {isa = PBXFileReference; lastKnownFileType = file.storyboard; name = Base; path = Base.lproj/LaunchScreen.storyboard; sourceTree = "<group>"; };
		C196940927E8578900BB008A /* Info.plist */ = {isa = PBXFileReference; lastKnownFileType = text.plist.xml; path = Info.plist; sourceTree = "<group>"; };
		C196940F27E859F700BB008A /* TeamTableViewCell.swift */ = {isa = PBXFileReference; lastKnownFileType = sourcecode.swift; path = TeamTableViewCell.swift; sourceTree = "<group>"; };
		C196941027E859F700BB008A /* TeamTableViewCell.xib */ = {isa = PBXFileReference; lastKnownFileType = file.xib; path = TeamTableViewCell.xib; sourceTree = "<group>"; };
		C196941327E864B600BB008A /* TeamModel.swift */ = {isa = PBXFileReference; lastKnownFileType = sourcecode.swift; path = TeamModel.swift; sourceTree = "<group>"; };
/* End PBXFileReference section */

/* Begin PBXFrameworksBuildPhase section */
		C19693F527E8578700BB008A /* Frameworks */ = {
			isa = PBXFrameworksBuildPhase;
			buildActionMask = 2147483647;
			files = (
			);
			runOnlyForDeploymentPostprocessing = 0;
		};
/* End PBXFrameworksBuildPhase section */

/* Begin PBXGroup section */
		C18F91C527EA1FFF00E04126 /* nanum-square-round */ = {
			isa = PBXGroup;
			children = (
				C18F91C627EA1FFF00E04126 /* NanumSquareRoundB.ttf */,
				C18F91C727EA1FFF00E04126 /* NanumSquareRoundOTFB.otf */,
				C18F91C827EA1FFF00E04126 /* NanumSquareRoundEB.ttf */,
				C18F91C927EA1FFF00E04126 /* NanumSquareRoundOTFEB.otf */,
			);
			path = "nanum-square-round";
			sourceTree = "<group>";
		};
		C19693EF27E8578700BB008A = {
			isa = PBXGroup;
			children = (
				C19693FA27E8578700BB008A /* OurTeam */,
				C19693F927E8578700BB008A /* Products */,
			);
			sourceTree = "<group>";
		};
		C19693F927E8578700BB008A /* Products */ = {
			isa = PBXGroup;
			children = (
				C19693F827E8578700BB008A /* OurTeam.app */,
			);
			name = Products;
			sourceTree = "<group>";
		};
		C19693FA27E8578700BB008A /* OurTeam */ = {
			isa = PBXGroup;
			children = (
				C19693FB27E8578700BB008A /* AppDelegate.swift */,
				C19693FD27E8578700BB008A /* SceneDelegate.swift */,
				C19693FF27E8578700BB008A /* ViewController.swift */,
				C196940127E8578700BB008A /* Main.storyboard */,
				C196940427E8578900BB008A /* Assets.xcassets */,
				C196940627E8578900BB008A /* LaunchScreen.storyboard */,
				C196940927E8578900BB008A /* Info.plist */,
				C196940F27E859F700BB008A /* TeamTableViewCell.swift */,
				C196941027E859F700BB008A /* TeamTableViewCell.xib */,
				C196941327E864B600BB008A /* TeamModel.swift */,
				C18F91CE27EB477F00E04126 /* TeamMainViewController.swift */,
				C18F91D227EB5C5300E04126 /* NoticeViewController.swift */,
				C18F91D427F1E5BC00E04126 /* MainTabBarController.swift */,
				C18F91C527EA1FFF00E04126 /* nanum-square-round */,
			);
			path = OurTeam;
			sourceTree = "<group>";
		};
/* End PBXGroup section */

/* Begin PBXNativeTarget section */
		C19693F727E8578700BB008A /* OurTeam */ = {
			isa = PBXNativeTarget;
			buildConfigurationList = C196940C27E8578900BB008A /* Build configuration list for PBXNativeTarget "OurTeam" */;
			buildPhases = (
				C19693F427E8578700BB008A /* Sources */,
				C19693F527E8578700BB008A /* Frameworks */,
				C19693F627E8578700BB008A /* Resources */,
			);
			buildRules = (
			);
			dependencies = (
			);
			name = OurTeam;
			productName = OurTeam;
			productReference = C19693F827E8578700BB008A /* OurTeam.app */;
			productType = "com.apple.product-type.application";
		};
/* End PBXNativeTarget section */

/* Begin PBXProject section */
		C19693F027E8578700BB008A /* Project object */ = {
			isa = PBXProject;
			attributes = {
				BuildIndependentTargetsInParallel = 1;
				LastSwiftUpdateCheck = 1330;
				LastUpgradeCheck = 1330;
				TargetAttributes = {
					C19693F727E8578700BB008A = {
						CreatedOnToolsVersion = 13.3;
					};
				};
			};
			buildConfigurationList = C19693F327E8578700BB008A /* Build configuration list for PBXProject "OurTeam" */;
			compatibilityVersion = "Xcode 13.0";
			developmentRegion = en;
			hasScannedForEncodings = 0;
			knownRegions = (
				en,
				Base,
			);
			mainGroup = C19693EF27E8578700BB008A;
			productRefGroup = C19693F927E8578700BB008A /* Products */;
			projectDirPath = "";
			projectRoot = "";
			targets = (
				C19693F727E8578700BB008A /* OurTeam */,
			);
		};
/* End PBXProject section */

/* Begin PBXResourcesBuildPhase section */
		C19693F627E8578700BB008A /* Resources */ = {
			isa = PBXResourcesBuildPhase;
			buildActionMask = 2147483647;
			files = (
				C18F91CD27EA1FFF00E04126 /* NanumSquareRoundOTFEB.otf in Resources */,
				C18F91CB27EA1FFF00E04126 /* NanumSquareRoundOTFB.otf in Resources */,
				C18F91CC27EA1FFF00E04126 /* NanumSquareRoundEB.ttf in Resources */,
				C196941227E859F700BB008A /* TeamTableViewCell.xib in Resources */,
				C196940827E8578900BB008A /* LaunchScreen.storyboard in Resources */,
				C196940527E8578900BB008A /* Assets.xcassets in Resources */,
				C196940327E8578700BB008A /* Main.storyboard in Resources */,
				C18F91CA27EA1FFF00E04126 /* NanumSquareRoundB.ttf in Resources */,
			);
			runOnlyForDeploymentPostprocessing = 0;
		};
/* End PBXResourcesBuildPhase section */

/* Begin PBXSourcesBuildPhase section */
		C19693F427E8578700BB008A /* Sources */ = {
			isa = PBXSourcesBuildPhase;
			buildActionMask = 2147483647;
			files = (
				C196941127E859F700BB008A /* TeamTableViewCell.swift in Sources */,
				C196941427E864B600BB008A /* TeamModel.swift in Sources */,
				C18F91D527F1E5BC00E04126 /* MainTabBarController.swift in Sources */,
				C18F91D027EB477F00E04126 /* TeamMainViewController.swift in Sources */,
				C18F91D327EB5C5300E04126 /* NoticeViewController.swift in Sources */,
				C196940027E8578700BB008A /* ViewController.swift in Sources */,
				C19693FC27E8578700BB008A /* AppDelegate.swift in Sources */,
				C19693FE27E8578700BB008A /* SceneDelegate.swift in Sources */,
			);
			runOnlyForDeploymentPostprocessing = 0;
		};
/* End PBXSourcesBuildPhase section */

/* Begin PBXVariantGroup section */
		C196940127E8578700BB008A /* Main.storyboard */ = {
			isa = PBXVariantGroup;
			children = (
				C196940227E8578700BB008A /* Base */,
			);
			name = Main.storyboard;
			sourceTree = "<group>";
		};
		C196940627E8578900BB008A /* LaunchScreen.storyboard */ = {
			isa = PBXVariantGroup;
			children = (
				C196940727E8578900BB008A /* Base */,
			);
			name = LaunchScreen.storyboard;
			sourceTree = "<group>";
		};
/* End PBXVariantGroup section */

/* Begin XCBuildConfiguration section */
		C196940A27E8578900BB008A /* Debug */ = {
			isa = XCBuildConfiguration;
			buildSettings = {
				ALWAYS_SEARCH_USER_PATHS = NO;
				CLANG_ANALYZER_NONNULL = YES;
				CLANG_ANALYZER_NUMBER_OBJECT_CONVERSION = YES_AGGRESSIVE;
				CLANG_CXX_LANGUAGE_STANDARD = "gnu++17";
				CLANG_ENABLE_MODULES = YES;
				CLANG_ENABLE_OBJC_ARC = YES;
				CLANG_ENABLE_OBJC_WEAK = YES;
				CLANG_WARN_BLOCK_CAPTURE_AUTORELEASING = YES;
				CLANG_WARN_BOOL_CONVERSION = YES;
				CLANG_WARN_COMMA = YES;
				CLANG_WARN_CONSTANT_CONVERSION = YES;
				CLANG_WARN_DEPRECATED_OBJC_IMPLEMENTATIONS = YES;
				CLANG_WARN_DIRECT_OBJC_ISA_USAGE = YES_ERROR;
				CLANG_WARN_DOCUMENTATION_COMMENTS = YES;
				CLANG_WARN_EMPTY_BODY = YES;
				CLANG_WARN_ENUM_CONVERSION = YES;
				CLANG_WARN_INFINITE_RECURSION = YES;
				CLANG_WARN_INT_CONVERSION = YES;
				CLANG_WARN_NON_LITERAL_NULL_CONVERSION = YES;
				CLANG_WARN_OBJC_IMPLICIT_RETAIN_SELF = YES;
				CLANG_WARN_OBJC_LITERAL_CONVERSION = YES;
				CLANG_WARN_OBJC_ROOT_CLASS = YES_ERROR;
				CLANG_WARN_QUOTED_INCLUDE_IN_FRAMEWORK_HEADER = YES;
				CLANG_WARN_RANGE_LOOP_ANALYSIS = YES;
				CLANG_WARN_STRICT_PROTOTYPES = YES;
				CLANG_WARN_SUSPICIOUS_MOVE = YES;
				CLANG_WARN_UNGUARDED_AVAILABILITY = YES_AGGRESSIVE;
				CLANG_WARN_UNREACHABLE_CODE = YES;
				CLANG_WARN__DUPLICATE_METHOD_MATCH = YES;
				COPY_PHASE_STRIP = NO;
				DEBUG_INFORMATION_FORMAT = dwarf;
				ENABLE_STRICT_OBJC_MSGSEND = YES;
				ENABLE_TESTABILITY = YES;
				GCC_C_LANGUAGE_STANDARD = gnu11;
				GCC_DYNAMIC_NO_PIC = NO;
				GCC_NO_COMMON_BLOCKS = YES;
				GCC_OPTIMIZATION_LEVEL = 0;
				GCC_PREPROCESSOR_DEFINITIONS = (
					"DEBUG=1",
					"$(inherited)",
				);
				GCC_WARN_64_TO_32_BIT_CONVERSION = YES;
				GCC_WARN_ABOUT_RETURN_TYPE = YES_ERROR;
				GCC_WARN_UNDECLARED_SELECTOR = YES;
				GCC_WARN_UNINITIALIZED_AUTOS = YES_AGGRESSIVE;
				GCC_WARN_UNUSED_FUNCTION = YES;
				GCC_WARN_UNUSED_VARIABLE = YES;
				IPHONEOS_DEPLOYMENT_TARGET = 15.4;
				MTL_ENABLE_DEBUG_INFO = INCLUDE_SOURCE;
				MTL_FAST_MATH = YES;
				ONLY_ACTIVE_ARCH = YES;
				SDKROOT = iphoneos;
				SWIFT_ACTIVE_COMPILATION_CONDITIONS = DEBUG;
				SWIFT_OPTIMIZATION_LEVEL = "-Onone";
			};
			name = Debug;
		};
		C196940B27E8578900BB008A /* Release */ = {
			isa = XCBuildConfiguration;
			buildSettings = {
				ALWAYS_SEARCH_USER_PATHS = NO;
				CLANG_ANALYZER_NONNULL = YES;
				CLANG_ANALYZER_NUMBER_OBJECT_CONVERSION = YES_AGGRESSIVE;
				CLANG_CXX_LANGUAGE_STANDARD = "gnu++17";
				CLANG_ENABLE_MODULES = YES;
				CLANG_ENABLE_OBJC_ARC = YES;
				CLANG_ENABLE_OBJC_WEAK = YES;
				CLANG_WARN_BLOCK_CAPTURE_AUTORELEASING = YES;
				CLANG_WARN_BOOL_CONVERSION = YES;
				CLANG_WARN_COMMA = YES;
				CLANG_WARN_CONSTANT_CONVERSION = YES;
				CLANG_WARN_DEPRECATED_OBJC_IMPLEMENTATIONS = YES;
				CLANG_WARN_DIRECT_OBJC_ISA_USAGE = YES_ERROR;
				CLANG_WARN_DOCUMENTATION_COMMENTS = YES;
				CLANG_WARN_EMPTY_BODY = YES;
				CLANG_WARN_ENUM_CONVERSION = YES;
				CLANG_WARN_INFINITE_RECURSION = YES;
				CLANG_WARN_INT_CONVERSION = YES;
				CLANG_WARN_NON_LITERAL_NULL_CONVERSION = YES;
				CLANG_WARN_OBJC_IMPLICIT_RETAIN_SELF = YES;
				CLANG_WARN_OBJC_LITERAL_CONVERSION = YES;
				CLANG_WARN_OBJC_ROOT_CLASS = YES_ERROR;
				CLANG_WARN_QUOTED_INCLUDE_IN_FRAMEWORK_HEADER = YES;
				CLANG_WARN_RANGE_LOOP_ANALYSIS = YES;
				CLANG_WARN_STRICT_PROTOTYPES = YES;
				CLANG_WARN_SUSPICIOUS_MOVE = YES;
				CLANG_WARN_UNGUARDED_AVAILABILITY = YES_AGGRESSIVE;
				CLANG_WARN_UNREACHABLE_CODE = YES;
				CLANG_WARN__DUPLICATE_METHOD_MATCH = YES;
				COPY_PHASE_STRIP = NO;
				DEBUG_INFORMATION_FORMAT = "dwarf-with-dsym";
				ENABLE_NS_ASSERTIONS = NO;
				ENABLE_STRICT_OBJC_MSGSEND = YES;
				GCC_C_LANGUAGE_STANDARD = gnu11;
				GCC_NO_COMMON_BLOCKS = YES;
				GCC_WARN_64_TO_32_BIT_CONVERSION = YES;
				GCC_WARN_ABOUT_RETURN_TYPE = YES_ERROR;
				GCC_WARN_UNDECLARED_SELECTOR = YES;
				GCC_WARN_UNINITIALIZED_AUTOS = YES_AGGRESSIVE;
				GCC_WARN_UNUSED_FUNCTION = YES;
				GCC_WARN_UNUSED_VARIABLE = YES;
				IPHONEOS_DEPLOYMENT_TARGET = 15.4;
				MTL_ENABLE_DEBUG_INFO = NO;
				MTL_FAST_MATH = YES;
				SDKROOT = iphoneos;
				SWIFT_COMPILATION_MODE = wholemodule;
				SWIFT_OPTIMIZATION_LEVEL = "-O";
				VALIDATE_PRODUCT = YES;
			};
			name = Release;
		};
		C196940D27E8578900BB008A /* Debug */ = {
			isa = XCBuildConfiguration;
			buildSettings = {
				ASSETCATALOG_COMPILER_APPICON_NAME = AppIcon;
				ASSETCATALOG_COMPILER_GLOBAL_ACCENT_COLOR_NAME = AccentColor;
				CODE_SIGN_STYLE = Automatic;
				CURRENT_PROJECT_VERSION = 1;
				DEVELOPMENT_TEAM = KL2HAQ9H72;
				GENERATE_INFOPLIST_FILE = YES;
				INFOPLIST_FILE = OurTeam/Info.plist;
				INFOPLIST_KEY_UIApplicationSupportsIndirectInputEvents = YES;
				INFOPLIST_KEY_UILaunchStoryboardName = LaunchScreen;
				INFOPLIST_KEY_UIMainStoryboardFile = Main;
				INFOPLIST_KEY_UISupportedInterfaceOrientations_iPad = "UIInterfaceOrientationPortrait UIInterfaceOrientationPortraitUpsideDown UIInterfaceOrientationLandscapeLeft UIInterfaceOrientationLandscapeRight";
				INFOPLIST_KEY_UISupportedInterfaceOrientations_iPhone = "UIInterfaceOrientationPortrait UIInterfaceOrientationLandscapeLeft UIInterfaceOrientationLandscapeRight";
				LD_RUNPATH_SEARCH_PATHS = (
					"$(inherited)",
					"@executable_path/Frameworks",
				);
				MARKETING_VERSION = 1.0;
				PRODUCT_BUNDLE_IDENTIFIER = rainbowviliage.OurTeam;
				PRODUCT_NAME = "$(TARGET_NAME)";
				SWIFT_EMIT_LOC_STRINGS = YES;
				SWIFT_VERSION = 5.0;
				TARGETED_DEVICE_FAMILY = "1,2";
			};
			name = Debug;
		};
		C196940E27E8578900BB008A /* Release */ = {
			isa = XCBuildConfiguration;
			buildSettings = {
				ASSETCATALOG_COMPILER_APPICON_NAME = AppIcon;
				ASSETCATALOG_COMPILER_GLOBAL_ACCENT_COLOR_NAME = AccentColor;
				CODE_SIGN_STYLE = Automatic;
				CURRENT_PROJECT_VERSION = 1;
				DEVELOPMENT_TEAM = KL2HAQ9H72;
				GENERATE_INFOPLIST_FILE = YES;
				INFOPLIST_FILE = OurTeam/Info.plist;
				INFOPLIST_KEY_UIApplicationSupportsIndirectInputEvents = YES;
				INFOPLIST_KEY_UILaunchStoryboardName = LaunchScreen;
				INFOPLIST_KEY_UIMainStoryboardFile = Main;
				INFOPLIST_KEY_UISupportedInterfaceOrientations_iPad = "UIInterfaceOrientationPortrait UIInterfaceOrientationPortraitUpsideDown UIInterfaceOrientationLandscapeLeft UIInterfaceOrientationLandscapeRight";
				INFOPLIST_KEY_UISupportedInterfaceOrientations_iPhone = "UIInterfaceOrientationPortrait UIInterfaceOrientationLandscapeLeft UIInterfaceOrientationLandscapeRight";
				LD_RUNPATH_SEARCH_PATHS = (
					"$(inherited)",
					"@executable_path/Frameworks",
				);
				MARKETING_VERSION = 1.0;
				PRODUCT_BUNDLE_IDENTIFIER = rainbowviliage.OurTeam;
				PRODUCT_NAME = "$(TARGET_NAME)";
				SWIFT_EMIT_LOC_STRINGS = YES;
				SWIFT_VERSION = 5.0;
				TARGETED_DEVICE_FAMILY = "1,2";
			};
			name = Release;
		};
/* End XCBuildConfiguration section */

/* Begin XCConfigurationList section */
		C19693F327E8578700BB008A /* Build configuration list for PBXProject "OurTeam" */ = {
			isa = XCConfigurationList;
			buildConfigurations = (
				C196940A27E8578900BB008A /* Debug */,
				C196940B27E8578900BB008A /* Release */,
			);
			defaultConfigurationIsVisible = 0;
			defaultConfigurationName = Release;
		};
		C196940C27E8578900BB008A /* Build configuration list for PBXNativeTarget "OurTeam" */ = {
			isa = XCConfigurationList;
			buildConfigurations = (
				C196940D27E8578900BB008A /* Debug */,
				C196940E27E8578900BB008A /* Release */,
			);
			defaultConfigurationIsVisible = 0;
			defaultConfigurationName = Release;
		};
/* End XCConfigurationList section */
	};
	rootObject = C19693F027E8578700BB008A /* Project object */;
}
